
Microsoft Visual Studio Solution File, Format Version 12.00
# Visual Studio Version 17
VisualStudioVersion = 17.2.32630.192
MinimumVisualStudioVersion = 10.0.40219.1
Project("{FAE04EC0-301F-11D3-BF4B-00C04F79EFBC}") = "eTickets", "eTickets\eTickets.csproj", "{4DD7C3D7-CF91-415E-8B1C-882C3CFFD5E8}"
EndProject
Global
	GlobalSection(SolutionConfigurationPlatforms) = preSolution
		Debug|Any CPU = Debug|Any CPU
		Release|Any CPU = Release|Any CPU
	EndGlobalSection
	GlobalSection(ProjectConfigurationPlatforms) = postSolution
		{4DD7C3D7-CF91-415E-8B1C-882C3CFFD5E8}.Debug|Any CPU.ActiveCfg = Debug|Any CPU
		{4DD7C3D7-CF91-415E-8B1C-882C3CFFD5E8}.Debug|Any CPU.Build.0 = Debug|Any CPU
		{4DD7C3D7-CF91-415E-8B1C-882C3CFFD5E8}.Release|Any CPU.ActiveCfg = Release|Any CPU
		{4DD7C3D7-CF91-415E-8B1C-882C3CFFD5E8}.Release|Any CPU.Build.0 = Release|Any CPU
	EndGlobalSection
	GlobalSection(SolutionProperties) = preSolution
		HideSolutionNode = FALSE
	EndGlobalSection
	GlobalSection(ExtensibilityGlobals) = postSolution
		SolutionGuid = {59BAAA57-C429-4BB0-AE83-C828A9283DA1}
	EndGlobalSection
EndGlobal
